
Microsoft Visual Studio Solution File, Format Version 12.00
# Visual Studio 15
VisualStudioVersion = 15.0.27130.2003
MinimumVisualStudioVersion = 10.0.40219.1
Project("{FAE04EC0-301F-11D3-BF4B-00C04F79EFBC}") = "CodeChallengeApp", "CodeChallengeApp\CodeChallengeApp.csproj", "{215C93AE-A593-4001-AE32-0918A8DD6364}"
EndProject
Global
	GlobalSection(SolutionConfigurationPlatforms) = preSolution
		Debug|Any CPU = Debug|Any CPU
		Release|Any CPU = Release|Any CPU
	EndGlobalSection
	GlobalSection(ProjectConfigurationPlatforms) = postSolution
		{215C93AE-A593-4001-AE32-0918A8DD6364}.Debug|Any CPU.ActiveCfg = Debug|Any CPU
		{215C93AE-A593-4001-AE32-0918A8DD6364}.Debug|Any CPU.Build.0 = Debug|Any CPU
		{215C93AE-A593-4001-AE32-0918A8DD6364}.Release|Any CPU.ActiveCfg = Release|Any CPU
		{215C93AE-A593-4001-AE32-0918A8DD6364}.Release|Any CPU.Build.0 = Release|Any CPU
	EndGlobalSection
	GlobalSection(SolutionProperties) = preSolution
		HideSolutionNode = FALSE
	EndGlobalSection
	GlobalSection(ExtensibilityGlobals) = postSolution
		SolutionGuid = {08D88095-CC95-47E1-96A2-DDE62B7490A7}
	EndGlobalSection
EndGlobal
